
Microsoft Visual Studio Solution File, Format Version 12.00
# Visual Studio 15
VisualStudioVersion = 15.0.28307.421
MinimumVisualStudioVersion = 10.0.40219.1
Project("{FAE04EC0-301F-11D3-BF4B-00C04F79EFBC}") = "DatotekeUDirektoriju01", "DatotecniSustav01\DatotekeUDirektoriju01.csproj", "{65AEE0D9-BDC4-47AA-8884-7016B688D5CB}"
EndProject
Global
	GlobalSection(SolutionConfigurationPlatforms) = preSolution
		Debug|Any CPU = Debug|Any CPU
		Release|Any CPU = Release|Any CPU
	EndGlobalSection
	GlobalSection(ProjectConfigurationPlatforms) = postSolution
		{65AEE0D9-BDC4-47AA-8884-7016B688D5CB}.Debug|Any CPU.ActiveCfg = Debug|Any CPU
		{65AEE0D9-BDC4-47AA-8884-7016B688D5CB}.Debug|Any CPU.Build.0 = Debug|Any CPU
		{65AEE0D9-BDC4-47AA-8884-7016B688D5CB}.Release|Any CPU.ActiveCfg = Release|Any CPU
		{65AEE0D9-BDC4-47AA-8884-7016B688D5CB}.Release|Any CPU.Build.0 = Release|Any CPU
	EndGlobalSection
	GlobalSection(SolutionProperties) = preSolution
		HideSolutionNode = FALSE
	EndGlobalSection
	GlobalSection(ExtensibilityGlobals) = postSolution
		SolutionGuid = {DC5440AF-8A72-4772-ABC1-026D3C6A3E9D}
	EndGlobalSection
EndGlobal
